// !$*UTF8*$!
{
	archiveVersion = 1;
	classes = {
	};
	objectVersion = 46;
	objects = {

/* Begin PBXBuildFile section */
		CB30EFBE15B557C400F5977D /* UIKit.framework in Frameworks */ = {isa = PBXBuildFile; fileRef = CB30EFBD15B557C400F5977D /* UIKit.framework */; };
		CB30EFC015B557C400F5977D /* Foundation.framework in Frameworks */ = {isa = PBXBuildFile; fileRef = CB30EFBF15B557C400F5977D /* Foundation.framework */; };
		CB30EFC215B557C400F5977D /* CoreGraphics.framework in Frameworks */ = {isa = PBXBuildFile; fileRef = CB30EFC115B557C400F5977D /* CoreGraphics.framework */; };
		CB30EFC815B557C400F5977D /* InfoPlist.strings in Resources */ = {isa = PBXBuildFile; fileRef = CB30EFC615B557C400F5977D /* InfoPlist.strings */; };
		CB30EFCA15B557C400F5977D /* main.m in Sources */ = {isa = PBXBuildFile; fileRef = CB30EFC915B557C400F5977D /* main.m */; };
		CB30EFCE15B557C400F5977D /* SGAppDelegate.m in Sources */ = {isa = PBXBuildFile; fileRef = CB30EFCD15B557C400F5977D /* SGAppDelegate.m */; };
		CB30EFD115B557C400F5977D /* SGViewController.m in Sources */ = {isa = PBXBuildFile; fileRef = CB30EFD015B557C400F5977D /* SGViewController.m */; };
		CB30EFDF15B5582B00F5977D /* SG50View.m in Sources */ = {isa = PBXBuildFile; fileRef = CB30EFDE15B5582B00F5977D /* SG50View.m */; };
		CB30EFE115B5623F00F5977D /* Icon-72@2x.png in Resources */ = {isa = PBXBuildFile; fileRef = CB30EFE015B5623F00F5977D /* Icon-72@2x.png */; };
		CB30EFE315B563ED00F5977D /* Icon.png in Resources */ = {isa = PBXBuildFile; fileRef = CB30EFE215B563ED00F5977D /* Icon.png */; };
		CB30EFE515B563F100F5977D /* Icon@2x.png in Resources */ = {isa = PBXBuildFile; fileRef = CB30EFE415B563F100F5977D /* Icon@2x.png */; };
		CB30EFE715B563F600F5977D /* Icon-72.png in Resources */ = {isa = PBXBuildFile; fileRef = CB30EFE615B563F600F5977D /* Icon-72.png */; };
/* End PBXBuildFile section */

/* Begin PBXFileReference section */
		CB30EFB915B557C400F5977D /* 50SoG.app */ = {isa = PBXFileReference; explicitFileType = wrapper.application; includeInIndex = 0; path = 50SoG.app; sourceTree = BUILT_PRODUCTS_DIR; };
		CB30EFBD15B557C400F5977D /* UIKit.framework */ = {isa = PBXFileReference; lastKnownFileType = wrapper.framework; name = UIKit.framework; path = System/Library/Frameworks/UIKit.framework; sourceTree = SDKROOT; };
		CB30EFBF15B557C400F5977D /* Foundation.framework */ = {isa = PBXFileReference; lastKnownFileType = wrapper.framework; name = Foundation.framework; path = System/Library/Frameworks/Foundation.framework; sourceTree = SDKROOT; };
		CB30EFC115B557C400F5977D /* CoreGraphics.framework */ = {isa = PBXFileReference; lastKnownFileType = wrapper.framework; name = CoreGraphics.framework; path = System/Library/Frameworks/CoreGraphics.framework; sourceTree = SDKROOT; };
		CB30EFC515B557C400F5977D /* 50SoG-Info.plist */ = {isa = PBXFileReference; lastKnownFileType = text.plist.xml; path = "50SoG-Info.plist"; sourceTree = "<group>"; };
		CB30EFC715B557C400F5977D /* en */ = {isa = PBXFileReference; lastKnownFileType = text.plist.strings; name = en; path = en.lproj/InfoPlist.strings; sourceTree = "<group>"; };
		CB30EFC915B557C400F5977D /* main.m */ = {isa = PBXFileReference; lastKnownFileType = sourcecode.c.objc; path = main.m; sourceTree = "<group>"; };
		CB30EFCB15B557C400F5977D /* 50SoG-Prefix.pch */ = {isa = PBXFileReference; lastKnownFileType = sourcecode.c.h; path = "50SoG-Prefix.pch"; sourceTree = "<group>"; };
		CB30EFCC15B557C400F5977D /* SGAppDelegate.h */ = {isa = PBXFileReference; lastKnownFileType = sourcecode.c.h; path = SGAppDelegate.h; sourceTree = "<group>"; };
		CB30EFCD15B557C400F5977D /* SGAppDelegate.m */ = {isa = PBXFileReference; lastKnownFileType = sourcecode.c.objc; path = SGAppDelegate.m; sourceTree = "<group>"; };
		CB30EFCF15B557C400F5977D /* SGViewController.h */ = {isa = PBXFileReference; lastKnownFileType = sourcecode.c.h; path = SGViewController.h; sourceTree = "<group>"; };
		CB30EFD015B557C400F5977D /* SGViewController.m */ = {isa = PBXFileReference; lastKnownFileType = sourcecode.c.objc; path = SGViewController.m; sourceTree = "<group>"; };
		CB30EFDD15B5582B00F5977D /* SG50View.h */ = {isa = PBXFileReference; fileEncoding = 4; lastKnownFileType = sourcecode.c.h; path = SG50View.h; sourceTree = "<group>"; };
		CB30EFDE15B5582B00F5977D /* SG50View.m */ = {isa = PBXFileReference; fileEncoding = 4; lastKnownFileType = sourcecode.c.objc; path = SG50View.m; sourceTree = "<group>"; };
		CB30EFE015B5623F00F5977D /* Icon-72@2x.png */ = {isa = PBXFileReference; lastKnownFileType = image.png; name = "Icon-72@2x.png"; path = "../Icon-72@2x.png"; sourceTree = "<group>"; };
		CB30EFE215B563ED00F5977D /* Icon.png */ = {isa = PBXFileReference; lastKnownFileType = image.png; name = Icon.png; path = ../Icon.png; sourceTree = "<group>"; };
		CB30EFE415B563F100F5977D /* Icon@2x.png */ = {isa = PBXFileReference; lastKnownFileType = image.png; name = "Icon@2x.png"; path = "../Icon@2x.png"; sourceTree = "<group>"; };
		CB30EFE615B563F600F5977D /* Icon-72.png */ = {isa = PBXFileReference; lastKnownFileType = image.png; name = "Icon-72.png"; path = "../Icon-72.png"; sourceTree = "<group>"; };
/* End PBXFileReference section */

/* Begin PBXFrameworksBuildPhase section */
		CB30EFB615B557C400F5977D /* Frameworks */ = {
			isa = PBXFrameworksBuildPhase;
			buildActionMask = 2147483647;
			files = (
				CB30EFBE15B557C400F5977D /* UIKit.framework in Frameworks */,
				CB30EFC015B557C400F5977D /* Foundation.framework in Frameworks */,
				CB30EFC215B557C400F5977D /* CoreGraphics.framework in Frameworks */,
			);
			runOnlyForDeploymentPostprocessing = 0;
		};
/* End PBXFrameworksBuildPhase section */

/* Begin PBXGroup section */
		CB30EFAE15B557C400F5977D = {
			isa = PBXGroup;
			children = (
				CB30EFC315B557C400F5977D /* 50SoG */,
				CB30EFBC15B557C400F5977D /* Frameworks */,
				CB30EFBA15B557C400F5977D /* Products */,
			);
			sourceTree = "<group>";
		};
		CB30EFBA15B557C400F5977D /* Products */ = {
			isa = PBXGroup;
			children = (
				CB30EFB915B557C400F5977D /* 50SoG.app */,
			);
			name = Products;
			sourceTree = "<group>";
		};
		CB30EFBC15B557C400F5977D /* Frameworks */ = {
			isa = PBXGroup;
			children = (
				CB30EFBD15B557C400F5977D /* UIKit.framework */,
				CB30EFBF15B557C400F5977D /* Foundation.framework */,
				CB30EFC115B557C400F5977D /* CoreGraphics.framework */,
			);
			name = Frameworks;
			sourceTree = "<group>";
		};
		CB30EFC315B557C400F5977D /* 50SoG */ = {
			isa = PBXGroup;
			children = (
				CB30EFCC15B557C400F5977D /* SGAppDelegate.h */,
				CB30EFCD15B557C400F5977D /* SGAppDelegate.m */,
				CB30EFCF15B557C400F5977D /* SGViewController.h */,
				CB30EFD015B557C400F5977D /* SGViewController.m */,
				CB30EFDD15B5582B00F5977D /* SG50View.h */,
				CB30EFDE15B5582B00F5977D /* SG50View.m */,
				CB30EFC415B557C400F5977D /* Supporting Files */,
			);
			path = 50SoG;
			sourceTree = "<group>";
		};
		CB30EFC415B557C400F5977D /* Supporting Files */ = {
			isa = PBXGroup;
			children = (
				CB30EFE215B563ED00F5977D /* Icon.png */,
				CB30EFE415B563F100F5977D /* Icon@2x.png */,
				CB30EFE615B563F600F5977D /* Icon-72.png */,
				CB30EFE015B5623F00F5977D /* Icon-72@2x.png */,
				CB30EFC515B557C400F5977D /* 50SoG-Info.plist */,
				CB30EFC615B557C400F5977D /* InfoPlist.strings */,
				CB30EFC915B557C400F5977D /* main.m */,
				CB30EFCB15B557C400F5977D /* 50SoG-Prefix.pch */,
			);
			name = "Supporting Files";
			sourceTree = "<group>";
		};
/* End PBXGroup section */

/* Begin PBXNativeTarget section */
		CB30EFB815B557C400F5977D /* 50SoG */ = {
			isa = PBXNativeTarget;
			buildConfigurationList = CB30EFDA15B557C500F5977D /* Build configuration list for PBXNativeTarget "50SoG" */;
			buildPhases = (
				CB30EFB515B557C400F5977D /* Sources */,
				CB30EFB615B557C400F5977D /* Frameworks */,
				CB30EFB715B557C400F5977D /* Resources */,
			);
			buildRules = (
			);
			dependencies = (
			);
			name = 50SoG;
			productName = 50SoG;
			productReference = CB30EFB915B557C400F5977D /* 50SoG.app */;
			productType = "com.apple.product-type.application";
		};
/* End PBXNativeTarget section */

/* Begin PBXProject section */
		CB30EFB015B557C400F5977D /* Project object */ = {
			isa = PBXProject;
			attributes = {
				CLASSPREFIX = SG;
				LastUpgradeCheck = 0430;
				ORGANIZATIONNAME = "AVB Software";
			};
			buildConfigurationList = CB30EFB315B557C400F5977D /* Build configuration list for PBXProject "50SoG" */;
			compatibilityVersion = "Xcode 3.2";
			developmentRegion = English;
			hasScannedForEncodings = 0;
			knownRegions = (
				en,
			);
			mainGroup = CB30EFAE15B557C400F5977D;
			productRefGroup = CB30EFBA15B557C400F5977D /* Products */;
			projectDirPath = "";
			projectRoot = "";
			targets = (
				CB30EFB815B557C400F5977D /* 50SoG */,
			);
		};
/* End PBXProject section */

/* Begin PBXResourcesBuildPhase section */
		CB30EFB715B557C400F5977D /* Resources */ = {
			isa = PBXResourcesBuildPhase;
			buildActionMask = 2147483647;
			files = (
				CB30EFC815B557C400F5977D /* InfoPlist.strings in Resources */,
				CB30EFE115B5623F00F5977D /* Icon-72@2x.png in Resources */,
				CB30EFE315B563ED00F5977D /* Icon.png in Resources */,
				CB30EFE515B563F100F5977D /* Icon@2x.png in Resources */,
				CB30EFE715B563F600F5977D /* Icon-72.png in Resources */,
			);
			runOnlyForDeploymentPostprocessing = 0;
		};
/* End PBXResourcesBuildPhase section */

/* Begin PBXSourcesBuildPhase section */
		CB30EFB515B557C400F5977D /* Sources */ = {
			isa = PBXSourcesBuildPhase;
			buildActionMask = 2147483647;
			files = (
				CB30EFCA15B557C400F5977D /* main.m in Sources */,
				CB30EFCE15B557C400F5977D /* SGAppDelegate.m in Sources */,
				CB30EFD115B557C400F5977D /* SGViewController.m in Sources */,
				CB30EFDF15B5582B00F5977D /* SG50View.m in Sources */,
			);
			runOnlyForDeploymentPostprocessing = 0;
		};
/* End PBXSourcesBuildPhase section */

/* Begin PBXVariantGroup section */
		CB30EFC615B557C400F5977D /* InfoPlist.strings */ = {
			isa = PBXVariantGroup;
			children = (
				CB30EFC715B557C400F5977D /* en */,
			);
			name = InfoPlist.strings;
			sourceTree = "<group>";
		};
/* End PBXVariantGroup section */

/* Begin XCBuildConfiguration section */
		CB30EFD815B557C500F5977D /* Debug */ = {
			isa = XCBuildConfiguration;
			buildSettings = {
				ALWAYS_SEARCH_USER_PATHS = NO;
				ARCHS = "$(ARCHS_STANDARD_32_BIT)";
				CLANG_ENABLE_OBJC_ARC = YES;
				"CODE_SIGN_IDENTITY[sdk=iphoneos*]" = "iPhone Developer";
				COPY_PHASE_STRIP = NO;
				GCC_C_LANGUAGE_STANDARD = gnu99;
				GCC_DYNAMIC_NO_PIC = NO;
				GCC_OPTIMIZATION_LEVEL = 0;
				GCC_PREPROCESSOR_DEFINITIONS = (
					"DEBUG=1",
					"$(inherited)",
				);
				GCC_SYMBOLS_PRIVATE_EXTERN = NO;
				GCC_VERSION = com.apple.compilers.llvm.clang.1_0;
				GCC_WARN_ABOUT_RETURN_TYPE = YES;
				GCC_WARN_UNINITIALIZED_AUTOS = YES;
				GCC_WARN_UNUSED_VARIABLE = YES;
				IPHONEOS_DEPLOYMENT_TARGET = 5.1;
				SDKROOT = iphoneos;
				TARGETED_DEVICE_FAMILY = "1,2";
			};
			name = Debug;
		};
		CB30EFD915B557C500F5977D /* Release */ = {
			isa = XCBuildConfiguration;
			buildSettings = {
				ALWAYS_SEARCH_USER_PATHS = NO;
				ARCHS = "$(ARCHS_STANDARD_32_BIT)";
				CLANG_ENABLE_OBJC_ARC = YES;
				"CODE_SIGN_IDENTITY[sdk=iphoneos*]" = "iPhone Developer";
				COPY_PHASE_STRIP = YES;
				GCC_C_LANGUAGE_STANDARD = gnu99;
				GCC_VERSION = com.apple.compilers.llvm.clang.1_0;
				GCC_WARN_ABOUT_RETURN_TYPE = YES;
				GCC_WARN_UNINITIALIZED_AUTOS = YES;
				GCC_WARN_UNUSED_VARIABLE = YES;
				IPHONEOS_DEPLOYMENT_TARGET = 5.1;
				OTHER_CFLAGS = "-DNS_BLOCK_ASSERTIONS=1";
				SDKROOT = iphoneos;
				TARGETED_DEVICE_FAMILY = "1,2";
				VALIDATE_PRODUCT = YES;
			};
			name = Release;
		};
		CB30EFDB15B557C500F5977D /* Debug */ = {
			isa = XCBuildConfiguration;
			buildSettings = {
				GCC_PRECOMPILE_PREFIX_HEADER = YES;
				GCC_PREFIX_HEADER = "50SoG/50SoG-Prefix.pch";
				INFOPLIST_FILE = "50SoG/50SoG-Info.plist";
				PRODUCT_NAME = "$(TARGET_NAME)";
				WRAPPER_EXTENSION = app;
			};
			name = Debug;
		};
		CB30EFDC15B557C500F5977D /* Release */ = {
			isa = XCBuildConfiguration;
			buildSettings = {
				GCC_PRECOMPILE_PREFIX_HEADER = YES;
				GCC_PREFIX_HEADER = "50SoG/50SoG-Prefix.pch";
				INFOPLIST_FILE = "50SoG/50SoG-Info.plist";
				PRODUCT_NAME = "$(TARGET_NAME)";
				WRAPPER_EXTENSION = app;
			};
			name = Release;
		};
/* End XCBuildConfiguration section */

/* Begin XCConfigurationList section */
		CB30EFB315B557C400F5977D /* Build configuration list for PBXProject "50SoG" */ = {
			isa = XCConfigurationList;
			buildConfigurations = (
				CB30EFD815B557C500F5977D /* Debug */,
				CB30EFD915B557C500F5977D /* Release */,
			);
			defaultConfigurationIsVisible = 0;
			defaultConfigurationName = Release;
		};
		CB30EFDA15B557C500F5977D /* Build configuration list for PBXNativeTarget "50SoG" */ = {
			isa = XCConfigurationList;
			buildConfigurations = (
				CB30EFDB15B557C500F5977D /* Debug */,
				CB30EFDC15B557C500F5977D /* Release */,
			);
			defaultConfigurationIsVisible = 0;
		};
/* End XCConfigurationList section */
	};
	rootObject = CB30EFB015B557C400F5977D /* Project object */;
}
